
Microsoft Visual Studio Solution File, Format Version 12.00
# Visual Studio Version 17
VisualStudioVersion = 17.4.33110.190
MinimumVisualStudioVersion = 10.0.40219.1
Project("{FAE04EC0-301F-11D3-BF4B-00C04F79EFBC}") = "WebApiFinalTitoMatias", "WebApiFinalTitoMatias\WebApiFinalTitoMatias.csproj", "{416D766A-2E59-48D3-AC81-534A43342292}"
EndProject
Global
	GlobalSection(SolutionConfigurationPlatforms) = preSolution
		Debug|Any CPU = Debug|Any CPU
		Release|Any CPU = Release|Any CPU
	EndGlobalSection
	GlobalSection(ProjectConfigurationPlatforms) = postSolution
		{416D766A-2E59-48D3-AC81-534A43342292}.Debug|Any CPU.ActiveCfg = Debug|Any CPU
		{416D766A-2E59-48D3-AC81-534A43342292}.Debug|Any CPU.Build.0 = Debug|Any CPU
		{416D766A-2E59-48D3-AC81-534A43342292}.Release|Any CPU.ActiveCfg = Release|Any CPU
		{416D766A-2E59-48D3-AC81-534A43342292}.Release|Any CPU.Build.0 = Release|Any CPU
	EndGlobalSection
	GlobalSection(SolutionProperties) = preSolution
		HideSolutionNode = FALSE
	EndGlobalSection
	GlobalSection(ExtensibilityGlobals) = postSolution
		SolutionGuid = {24E8A156-E0B1-4A42-8A0F-F9CAA24654FC}
	EndGlobalSection
EndGlobal
